
Microsoft Visual Studio Solution File, Format Version 12.00
# Visual Studio 15
VisualStudioVersion = 15.0.28307.1169
MinimumVisualStudioVersion = 10.0.40219.1
Project("{FAE04EC0-301F-11D3-BF4B-00C04F79EFBC}") = "insertionSort", "insertionSort\insertionSort.csproj", "{7591B564-EC4E-4C4D-9A22-DBC8D27DD774}"
EndProject
Global
	GlobalSection(SolutionConfigurationPlatforms) = preSolution
		Debug|Any CPU = Debug|Any CPU
		Release|Any CPU = Release|Any CPU
	EndGlobalSection
	GlobalSection(ProjectConfigurationPlatforms) = postSolution
		{7591B564-EC4E-4C4D-9A22-DBC8D27DD774}.Debug|Any CPU.ActiveCfg = Debug|Any CPU
		{7591B564-EC4E-4C4D-9A22-DBC8D27DD774}.Debug|Any CPU.Build.0 = Debug|Any CPU
		{7591B564-EC4E-4C4D-9A22-DBC8D27DD774}.Release|Any CPU.ActiveCfg = Release|Any CPU
		{7591B564-EC4E-4C4D-9A22-DBC8D27DD774}.Release|Any CPU.Build.0 = Release|Any CPU
	EndGlobalSection
	GlobalSection(SolutionProperties) = preSolution
		HideSolutionNode = FALSE
	EndGlobalSection
	GlobalSection(ExtensibilityGlobals) = postSolution
		SolutionGuid = {CD7E5D4C-56C4-4CEF-AAFF-87EA9314793D}
	EndGlobalSection
EndGlobal
